
Microsoft Visual Studio Solution File, Format Version 12.00
# Visual Studio Version 17
VisualStudioVersion = 17.4.33403.182
MinimumVisualStudioVersion = 10.0.40219.1
Project("{9A19103F-16F7-4668-BE54-9A1E7A4F7556}") = "ChatService.Web", "ChatService\ChatService.Web.csproj", "{395D49B0-5505-41EB-94C4-63CCE6BD4DB0}"
EndProject
Project("{9A19103F-16F7-4668-BE54-9A1E7A4F7556}") = "ChatService.Web.IntegrationTest", "ChatService.Web.IntegrationTest\ChatService.Web.IntegrationTest.csproj", "{D607F92B-5F4F-4E0D-A594-8E2166EC5D58}"
EndProject
Project("{9A19103F-16F7-4668-BE54-9A1E7A4F7556}") = "ChatService.Web.Test", "ChatService.Web.Test\ChatService.Web.Test.csproj", "{9DCECCF2-15AE-496D-9AD6-7C555E7B4F5A}"
EndProject
Global
	GlobalSection(SolutionConfigurationPlatforms) = preSolution
		Debug|Any CPU = Debug|Any CPU
		Release|Any CPU = Release|Any CPU
	EndGlobalSection
	GlobalSection(ProjectConfigurationPlatforms) = postSolution
		{395D49B0-5505-41EB-94C4-63CCE6BD4DB0}.Debug|Any CPU.ActiveCfg = Debug|Any CPU
		{395D49B0-5505-41EB-94C4-63CCE6BD4DB0}.Debug|Any CPU.Build.0 = Debug|Any CPU
		{395D49B0-5505-41EB-94C4-63CCE6BD4DB0}.Release|Any CPU.ActiveCfg = Release|Any CPU
		{395D49B0-5505-41EB-94C4-63CCE6BD4DB0}.Release|Any CPU.Build.0 = Release|Any CPU
		{D607F92B-5F4F-4E0D-A594-8E2166EC5D58}.Debug|Any CPU.ActiveCfg = Debug|Any CPU
		{D607F92B-5F4F-4E0D-A594-8E2166EC5D58}.Debug|Any CPU.Build.0 = Debug|Any CPU
		{D607F92B-5F4F-4E0D-A594-8E2166EC5D58}.Release|Any CPU.ActiveCfg = Release|Any CPU
		{D607F92B-5F4F-4E0D-A594-8E2166EC5D58}.Release|Any CPU.Build.0 = Release|Any CPU
		{9DCECCF2-15AE-496D-9AD6-7C555E7B4F5A}.Debug|Any CPU.ActiveCfg = Debug|Any CPU
		{9DCECCF2-15AE-496D-9AD6-7C555E7B4F5A}.Debug|Any CPU.Build.0 = Debug|Any CPU
		{9DCECCF2-15AE-496D-9AD6-7C555E7B4F5A}.Release|Any CPU.ActiveCfg = Release|Any CPU
		{9DCECCF2-15AE-496D-9AD6-7C555E7B4F5A}.Release|Any CPU.Build.0 = Release|Any CPU
	EndGlobalSection
	GlobalSection(SolutionProperties) = preSolution
		HideSolutionNode = FALSE
	EndGlobalSection
	GlobalSection(ExtensibilityGlobals) = postSolution
		SolutionGuid = {A9186174-94F5-446A-9E65-88620FB9B104}
	EndGlobalSection
EndGlobal
